
Microsoft Visual Studio Solution File, Format Version 12.00
# Visual Studio Version 17
VisualStudioVersion = 17.1.32421.90
MinimumVisualStudioVersion = 10.0.40219.1
Project("{FAE04EC0-301F-11D3-BF4B-00C04F79EFBC}") = "Contact Tracing_Kenneth", "Contact Tracing_Kenneth.csproj", "{4AAD53D1-28CD-440E-8034-6E4AB6083CDB}"
EndProject
Global
	GlobalSection(SolutionConfigurationPlatforms) = preSolution
		Debug|Any CPU = Debug|Any CPU
		Release|Any CPU = Release|Any CPU
	EndGlobalSection
	GlobalSection(ProjectConfigurationPlatforms) = postSolution
		{4AAD53D1-28CD-440E-8034-6E4AB6083CDB}.Debug|Any CPU.ActiveCfg = Debug|Any CPU
		{4AAD53D1-28CD-440E-8034-6E4AB6083CDB}.Debug|Any CPU.Build.0 = Debug|Any CPU
		{4AAD53D1-28CD-440E-8034-6E4AB6083CDB}.Release|Any CPU.ActiveCfg = Release|Any CPU
		{4AAD53D1-28CD-440E-8034-6E4AB6083CDB}.Release|Any CPU.Build.0 = Release|Any CPU
	EndGlobalSection
	GlobalSection(SolutionProperties) = preSolution
		HideSolutionNode = FALSE
	EndGlobalSection
	GlobalSection(ExtensibilityGlobals) = postSolution
		SolutionGuid = {EC688CE6-65EA-4F2C-9B6D-789574AE9606}
	EndGlobalSection
EndGlobal
